
Microsoft Visual Studio Solution File, Format Version 12.00
# Visual Studio 2013
VisualStudioVersion = 12.0.21005.1
MinimumVisualStudioVersion = 10.0.40219.1
Project("{FAE04EC0-301F-11D3-BF4B-00C04F79EFBC}") = "Tennis4", "Tennis4\Tennis4.csproj", "{D2EB4D22-36A6-4885-9C75-07625F4C99E7}"
EndProject
Global
	GlobalSection(SolutionConfigurationPlatforms) = preSolution
		Debug|Any CPU = Debug|Any CPU
		Release|Any CPU = Release|Any CPU
	EndGlobalSection
	GlobalSection(ProjectConfigurationPlatforms) = postSolution
		{D2EB4D22-36A6-4885-9C75-07625F4C99E7}.Debug|Any CPU.ActiveCfg = Debug|Any CPU
		{D2EB4D22-36A6-4885-9C75-07625F4C99E7}.Debug|Any CPU.Build.0 = Debug|Any CPU
		{D2EB4D22-36A6-4885-9C75-07625F4C99E7}.Release|Any CPU.ActiveCfg = Release|Any CPU
		{D2EB4D22-36A6-4885-9C75-07625F4C99E7}.Release|Any CPU.Build.0 = Release|Any CPU
	EndGlobalSection
	GlobalSection(SolutionProperties) = preSolution
		HideSolutionNode = FALSE
	EndGlobalSection
EndGlobal
